Microsoft Visual Studio Solution File, Format Version 11.00
# Visual Studio 2008

Project("{344B239F-736C-999C-8B63-BDCE241DFE3E}") = "Unharmed", "Assembly-CSharp-firstpass.csproj", "{46F50541-B67D-30AE-61C0-BBF4EAC50E3C}"
EndProject
Project("{344B239F-736C-999C-8B63-BDCE241DFE3E}") = "Unharmed", "Assembly-CSharp.csproj", "{2AFBFC82-7FF9-1211-89AC-81D83B3B0A0D}"
EndProject
Project("{344B239F-736C-999C-8B63-BDCE241DFE3E}") = "Unharmed", "Assembly-CSharp-Editor.csproj", "{C4021344-DF7F-ADF6-100F-99F79A368462}"
EndProject
Global
	GlobalSection(SolutionConfigurationPlatforms) = preSolution
		Debug|Any CPU = Debug|Any CPU
		Release|Any CPU = Release|Any CPU
	EndGlobalSection
	GlobalSection(ProjectConfigurationPlatforms) = postSolution
		{46F50541-B67D-30AE-61C0-BBF4EAC50E3C}.Debug|Any CPU.ActiveCfg = Debug|Any CPU
		{46F50541-B67D-30AE-61C0-BBF4EAC50E3C}.Debug|Any CPU.Build.0 = Debug|Any CPU
		{46F50541-B67D-30AE-61C0-BBF4EAC50E3C}.Release|Any CPU.ActiveCfg = Release|Any CPU
		{46F50541-B67D-30AE-61C0-BBF4EAC50E3C}.Release|Any CPU.Build.0 = Release|Any CPU
		{2AFBFC82-7FF9-1211-89AC-81D83B3B0A0D}.Debug|Any CPU.ActiveCfg = Debug|Any CPU
		{2AFBFC82-7FF9-1211-89AC-81D83B3B0A0D}.Debug|Any CPU.Build.0 = Debug|Any CPU
		{2AFBFC82-7FF9-1211-89AC-81D83B3B0A0D}.Release|Any CPU.ActiveCfg = Release|Any CPU
		{2AFBFC82-7FF9-1211-89AC-81D83B3B0A0D}.Release|Any CPU.Build.0 = Release|Any CPU
		{C4021344-DF7F-ADF6-100F-99F79A368462}.Debug|Any CPU.ActiveCfg = Debug|Any CPU
		{C4021344-DF7F-ADF6-100F-99F79A368462}.Debug|Any CPU.Build.0 = Debug|Any CPU
		{C4021344-DF7F-ADF6-100F-99F79A368462}.Release|Any CPU.ActiveCfg = Release|Any CPU
		{C4021344-DF7F-ADF6-100F-99F79A368462}.Release|Any CPU.Build.0 = Release|Any CPU
	EndGlobalSection
	GlobalSection(SolutionProperties) = preSolution
		HideSolutionNode = FALSE
	EndGlobalSection
																										GlobalSection(MonoDevelopProperties) = preSolution
		StartupItem = Assembly-CSharp.csproj
		Policies = $0
		$0.TextStylePolicy = $1
		$1.inheritsSet = null
		$1.scope = text/x-csharp
		$0.CSharpFormattingPolicy = $2
		$2.inheritsSet = Mono
		$2.inheritsScope = text/x-csharp
		$2.scope = text/x-csharp
		$0.TextStylePolicy = $3
		$3.FileWidth = 120
		$3.TabWidth = 4
		$3.IndentWidth = 4
		$3.EolMarker = Unix
		$3.inheritsSet = Mono
		$3.inheritsScope = text/plain
		$3.scope = text/plain
	EndGlobalSection
EndGlobal
